
Microsoft Visual Studio Solution File, Format Version 12.00
# Visual Studio Version 16
VisualStudioVersion = 16.0.30011.22
MinimumVisualStudioVersion = 10.0.40219.1
Project("{FAE04EC0-301F-11D3-BF4B-00C04F79EFBC}") = "SampleStudent", "SampleStudent\SampleStudent.csproj", "{7DF00037-CE9E-4621-BB6A-F41138410581}"
EndProject
Global
	GlobalSection(SolutionConfigurationPlatforms) = preSolution
		Debug|Any CPU = Debug|Any CPU
		Release|Any CPU = Release|Any CPU
	EndGlobalSection
	GlobalSection(ProjectConfigurationPlatforms) = postSolution
		{7DF00037-CE9E-4621-BB6A-F41138410581}.Debug|Any CPU.ActiveCfg = Debug|Any CPU
		{7DF00037-CE9E-4621-BB6A-F41138410581}.Debug|Any CPU.Build.0 = Debug|Any CPU
		{7DF00037-CE9E-4621-BB6A-F41138410581}.Release|Any CPU.ActiveCfg = Release|Any CPU
		{7DF00037-CE9E-4621-BB6A-F41138410581}.Release|Any CPU.Build.0 = Release|Any CPU
	EndGlobalSection
	GlobalSection(SolutionProperties) = preSolution
		HideSolutionNode = FALSE
	EndGlobalSection
	GlobalSection(ExtensibilityGlobals) = postSolution
		SolutionGuid = {73EABBE2-4426-495C-953C-5BFAA98B9E5A}
	EndGlobalSection
EndGlobal
