
Microsoft Visual Studio Solution File, Format Version 12.00
# Visual Studio Version 16
VisualStudioVersion = 16.0.30011.22
MinimumVisualStudioVersion = 10.0.40219.1
Project("{FAE04EC0-301F-11D3-BF4B-00C04F79EFBC}") = "TwentyOne", "TwentyOne\TwentyOne.csproj", "{3C10BAA1-3B56-4C19-ABD0-57E69660D0C5}"
EndProject
Project("{FAE04EC0-301F-11D3-BF4B-00C04F79EFBC}") = "Casino", "Casino\Casino.csproj", "{14B58312-244F-422A-A0A9-AD434C8FF60D}"
EndProject
Global
	GlobalSection(SolutionConfigurationPlatforms) = preSolution
		Debug|Any CPU = Debug|Any CPU
		Release|Any CPU = Release|Any CPU
	EndGlobalSection
	GlobalSection(ProjectConfigurationPlatforms) = postSolution
		{3C10BAA1-3B56-4C19-ABD0-57E69660D0C5}.Debug|Any CPU.ActiveCfg = Debug|Any CPU
		{3C10BAA1-3B56-4C19-ABD0-57E69660D0C5}.Debug|Any CPU.Build.0 = Debug|Any CPU
		{3C10BAA1-3B56-4C19-ABD0-57E69660D0C5}.Release|Any CPU.ActiveCfg = Release|Any CPU
		{3C10BAA1-3B56-4C19-ABD0-57E69660D0C5}.Release|Any CPU.Build.0 = Release|Any CPU
		{14B58312-244F-422A-A0A9-AD434C8FF60D}.Debug|Any CPU.ActiveCfg = Debug|Any CPU
		{14B58312-244F-422A-A0A9-AD434C8FF60D}.Debug|Any CPU.Build.0 = Debug|Any CPU
		{14B58312-244F-422A-A0A9-AD434C8FF60D}.Release|Any CPU.ActiveCfg = Release|Any CPU
		{14B58312-244F-422A-A0A9-AD434C8FF60D}.Release|Any CPU.Build.0 = Release|Any CPU
	EndGlobalSection
	GlobalSection(SolutionProperties) = preSolution
		HideSolutionNode = FALSE
	EndGlobalSection
	GlobalSection(ExtensibilityGlobals) = postSolution
		SolutionGuid = {205D1948-3B59-4002-848B-9A8A7623E935}
	EndGlobalSection
EndGlobal
